// !$*UTF8*$!
{
	archiveVersion = 1;
	classes = {
	};
	objectVersion = 50;
	objects = {

/* Begin PBXBuildFile section */
		1E39C83D259B5AB30011E830 /* AppDelegate.swift in Sources */ = {isa = PBXBuildFile; fileRef = 1E39C83C259B5AB30011E830 /* AppDelegate.swift */; };
		1E39C83F259B5AB30011E830 /* SceneDelegate.swift in Sources */ = {isa = PBXBuildFile; fileRef = 1E39C83E259B5AB30011E830 /* SceneDelegate.swift */; };
		1E39C841259B5AB30011E830 /* ViewController.swift in Sources */ = {isa = PBXBuildFile; fileRef = 1E39C840259B5AB30011E830 /* ViewController.swift */; };
		1E39C844259B5AB30011E830 /* Main.storyboard in Resources */ = {isa = PBXBuildFile; fileRef = 1E39C842259B5AB30011E830 /* Main.storyboard */; };
		1E39C846259B5AB40011E830 /* Assets.xcassets in Resources */ = {isa = PBXBuildFile; fileRef = 1E39C845259B5AB40011E830 /* Assets.xcassets */; };
		1E39C849259B5AB40011E830 /* LaunchScreen.storyboard in Resources */ = {isa = PBXBuildFile; fileRef = 1E39C847259B5AB40011E830 /* LaunchScreen.storyboard */; };
		1E39C854259B5AB40011E830 /* InstagridTests.swift in Sources */ = {isa = PBXBuildFile; fileRef = 1E39C853259B5AB40011E830 /* InstagridTests.swift */; };
		1E39C85F259B5AB40011E830 /* InstagridUITests.swift in Sources */ = {isa = PBXBuildFile; fileRef = 1E39C85E259B5AB40011E830 /* InstagridUITests.swift */; };
		1E39C871259B5CB80011E830 /* ThirstySoftRegular.otf in Resources */ = {isa = PBXBuildFile; fileRef = 1E39C870259B5CB80011E830 /* ThirstySoftRegular.otf */; };
		1E39C872259B5CB80011E830 /* ThirstySoftRegular.otf in Resources */ = {isa = PBXBuildFile; fileRef = 1E39C870259B5CB80011E830 /* ThirstySoftRegular.otf */; };
		1E39C873259B5CB80011E830 /* ThirstySoftRegular.otf in Resources */ = {isa = PBXBuildFile; fileRef = 1E39C870259B5CB80011E830 /* ThirstySoftRegular.otf */; };
		1E39C87B259B5CC70011E830 /* Delm-Medium.otf in Resources */ = {isa = PBXBuildFile; fileRef = 1E39C87A259B5CC70011E830 /* Delm-Medium.otf */; };
		1E39C87C259B5CC70011E830 /* Delm-Medium.otf in Resources */ = {isa = PBXBuildFile; fileRef = 1E39C87A259B5CC70011E830 /* Delm-Medium.otf */; };
		1E39C87D259B5CC70011E830 /* Delm-Medium.otf in Resources */ = {isa = PBXBuildFile; fileRef = 1E39C87A259B5CC70011E830 /* Delm-Medium.otf */; };
/* End PBXBuildFile section */

/* Begin PBXContainerItemProxy section */
		1E39C850259B5AB40011E830 /* PBXContainerItemProxy */ = {
			isa = PBXContainerItemProxy;
			containerPortal = 1E39C831259B5AB20011E830 /* Project object */;
			proxyType = 1;
			remoteGlobalIDString = 1E39C838259B5AB30011E830;
			remoteInfo = Instagrid;
		};
		1E39C85B259B5AB40011E830 /* PBXContainerItemProxy */ = {
			isa = PBXContainerItemProxy;
			containerPortal = 1E39C831259B5AB20011E830 /* Project object */;
			proxyType = 1;
			remoteGlobalIDString = 1E39C838259B5AB30011E830;
			remoteInfo = Instagrid;
		};
/* End PBXContainerItemProxy section */

/* Begin PBXFileReference section */
		1E39C839259B5AB30011E830 /* Instagrid.app */ = {isa = PBXFileReference; explicitFileType = wrapper.application; includeInIndex = 0; path = Instagrid.app; sourceTree = BUILT_PRODUCTS_DIR; };
		1E39C83C259B5AB30011E830 /* AppDelegate.swift */ = {isa = PBXFileReference; lastKnownFileType = sourcecode.swift; path = AppDelegate.swift; sourceTree = "<group>"; };
		1E39C83E259B5AB30011E830 /* SceneDelegate.swift */ = {isa = PBXFileReference; lastKnownFileType = sourcecode.swift; path = SceneDelegate.swift; sourceTree = "<group>"; };
		1E39C840259B5AB30011E830 /* ViewController.swift */ = {isa = PBXFileReference; lastKnownFileType = sourcecode.swift; path = ViewController.swift; sourceTree = "<group>"; };
		1E39C843259B5AB30011E830 /* Base */ = {isa = PBXFileReference; lastKnownFileType = file.storyboard; name = Base; path = Base.lproj/Main.storyboard; sourceTree = "<group>"; };
		1E39C845259B5AB40011E830 /* Assets.xcassets */ = {isa = PBXFileReference; lastKnownFileType = folder.assetcatalog; path = Assets.xcassets; sourceTree = "<group>"; };
		1E39C848259B5AB40011E830 /* Base */ = {isa = PBXFileReference; lastKnownFileType = file.storyboard; name = Base; path = Base.lproj/LaunchScreen.storyboard; sourceTree = "<group>"; };
		1E39C84A259B5AB40011E830 /* Info.plist */ = {isa = PBXFileReference; lastKnownFileType = text.plist.xml; path = Info.plist; sourceTree = "<group>"; };
		1E39C84F259B5AB40011E830 /* InstagridTests.xctest */ = {isa = PBXFileReference; explicitFileType = wrapper.cfbundle; includeInIndex = 0; path = InstagridTests.xctest; sourceTree = BUILT_PRODUCTS_DIR; };
		1E39C853259B5AB40011E830 /* InstagridTests.swift */ = {isa = PBXFileReference; lastKnownFileType = sourcecode.swift; path = InstagridTests.swift; sourceTree = "<group>"; };
		1E39C855259B5AB40011E830 /* Info.plist */ = {isa = PBXFileReference; lastKnownFileType = text.plist.xml; path = Info.plist; sourceTree = "<group>"; };
		1E39C85A259B5AB40011E830 /* InstagridUITests.xctest */ = {isa = PBXFileReference; explicitFileType = wrapper.cfbundle; includeInIndex = 0; path = InstagridUITests.xctest; sourceTree = BUILT_PRODUCTS_DIR; };
		1E39C85E259B5AB40011E830 /* InstagridUITests.swift */ = {isa = PBXFileReference; lastKnownFileType = sourcecode.swift; path = InstagridUITests.swift; sourceTree = "<group>"; };
		1E39C860259B5AB50011E830 /* Info.plist */ = {isa = PBXFileReference; lastKnownFileType = text.plist.xml; path = Info.plist; sourceTree = "<group>"; };
		1E39C870259B5CB80011E830 /* ThirstySoftRegular.otf */ = {isa = PBXFileReference; lastKnownFileType = file; path = ThirstySoftRegular.otf; sourceTree = "<group>"; };
		1E39C87A259B5CC70011E830 /* Delm-Medium.otf */ = {isa = PBXFileReference; lastKnownFileType = file; path = "Delm-Medium.otf"; sourceTree = "<group>"; };
/* End PBXFileReference section */

/* Begin PBXFrameworksBuildPhase section */
		1E39C836259B5AB30011E830 /* Frameworks */ = {
			isa = PBXFrameworksBuildPhase;
			buildActionMask = 2147483647;
			files = (
			);
			runOnlyForDeploymentPostprocessing = 0;
		};
		1E39C84C259B5AB40011E830 /* Frameworks */ = {
			isa = PBXFrameworksBuildPhase;
			buildActionMask = 2147483647;
			files = (
			);
			runOnlyForDeploymentPostprocessing = 0;
		};
		1E39C857259B5AB40011E830 /* Frameworks */ = {
			isa = PBXFrameworksBuildPhase;
			buildActionMask = 2147483647;
			files = (
			);
			runOnlyForDeploymentPostprocessing = 0;
		};
/* End PBXFrameworksBuildPhase section */

/* Begin PBXGroup section */
		1E39C830259B5AB20011E830 = {
			isa = PBXGroup;
			children = (
				1E39C83B259B5AB30011E830 /* Instagrid */,
				1E39C852259B5AB40011E830 /* InstagridTests */,
				1E39C85D259B5AB40011E830 /* InstagridUITests */,
				1E39C83A259B5AB30011E830 /* Products */,
			);
			sourceTree = "<group>";
		};
		1E39C83A259B5AB30011E830 /* Products */ = {
			isa = PBXGroup;
			children = (
				1E39C839259B5AB30011E830 /* Instagrid.app */,
				1E39C84F259B5AB40011E830 /* InstagridTests.xctest */,
				1E39C85A259B5AB40011E830 /* InstagridUITests.xctest */,
			);
			name = Products;
			sourceTree = "<group>";
		};
		1E39C83B259B5AB30011E830 /* Instagrid */ = {
			isa = PBXGroup;
			children = (
				1E39C86F259B5C960011E830 /* Supporting Files */,
				1E6CA95825A76DB600B0EC04 /* Model */,
				1E6CA95A25A76DCA00B0EC04 /* View */,
				1E6CA95925A76DBD00B0EC04 /* Controller */,
				1E39C83E259B5AB30011E830 /* SceneDelegate.swift */,
			);
			path = Instagrid;
			sourceTree = "<group>";
		};
		1E39C852259B5AB40011E830 /* InstagridTests */ = {
			isa = PBXGroup;
			children = (
				1E39C853259B5AB40011E830 /* InstagridTests.swift */,
				1E39C855259B5AB40011E830 /* Info.plist */,
			);
			path = InstagridTests;
			sourceTree = "<group>";
		};
		1E39C85D259B5AB40011E830 /* InstagridUITests */ = {
			isa = PBXGroup;
			children = (
				1E39C85E259B5AB40011E830 /* InstagridUITests.swift */,
				1E39C860259B5AB50011E830 /* Info.plist */,
			);
			path = InstagridUITests;
			sourceTree = "<group>";
		};
		1E39C86F259B5C960011E830 /* Supporting Files */ = {
			isa = PBXGroup;
			children = (
				1E39C83C259B5AB30011E830 /* AppDelegate.swift */,
				1E39C84A259B5AB40011E830 /* Info.plist */,
				1E39C845259B5AB40011E830 /* Assets.xcassets */,
				1E39C847259B5AB40011E830 /* LaunchScreen.storyboard */,
				1E39C87A259B5CC70011E830 /* Delm-Medium.otf */,
				1E39C870259B5CB80011E830 /* ThirstySoftRegular.otf */,
			);
			path = "Supporting Files";
			sourceTree = "<group>";
		};
		1E6CA95825A76DB600B0EC04 /* Model */ = {
			isa = PBXGroup;
			children = (
			);
			path = Model;
			sourceTree = "<group>";
		};
		1E6CA95925A76DBD00B0EC04 /* Controller */ = {
			isa = PBXGroup;
			children = (
				1E39C840259B5AB30011E830 /* ViewController.swift */,
			);
			path = Controller;
			sourceTree = "<group>";
		};
		1E6CA95A25A76DCA00B0EC04 /* View */ = {
			isa = PBXGroup;
			children = (
				1E39C842259B5AB30011E830 /* Main.storyboard */,
			);
			path = View;
			sourceTree = "<group>";
		};
/* End PBXGroup section */

/* Begin PBXNativeTarget section */
		1E39C838259B5AB30011E830 /* Instagrid */ = {
			isa = PBXNativeTarget;
			buildConfigurationList = 1E39C863259B5AB50011E830 /* Build configuration list for PBXNativeTarget "Instagrid" */;
			buildPhases = (
				1E39C835259B5AB30011E830 /* Sources */,
				1E39C836259B5AB30011E830 /* Frameworks */,
				1E39C837259B5AB30011E830 /* Resources */,
			);
			buildRules = (
			);
			dependencies = (
			);
			name = Instagrid;
			productName = Instagrid;
			productReference = 1E39C839259B5AB30011E830 /* Instagrid.app */;
			productType = "com.apple.product-type.application";
		};
		1E39C84E259B5AB40011E830 /* InstagridTests */ = {
			isa = PBXNativeTarget;
			buildConfigurationList = 1E39C866259B5AB50011E830 /* Build configuration list for PBXNativeTarget "InstagridTests" */;
			buildPhases = (
				1E39C84B259B5AB40011E830 /* Sources */,
				1E39C84C259B5AB40011E830 /* Frameworks */,
				1E39C84D259B5AB40011E830 /* Resources */,
			);
			buildRules = (
			);
			dependencies = (
				1E39C851259B5AB40011E830 /* PBXTargetDependency */,
			);
			name = InstagridTests;
			productName = InstagridTests;
			productReference = 1E39C84F259B5AB40011E830 /* InstagridTests.xctest */;
			productType = "com.apple.product-type.bundle.unit-test";
		};
		1E39C859259B5AB40011E830 /* InstagridUITests */ = {
			isa = PBXNativeTarget;
			buildConfigurationList = 1E39C869259B5AB50011E830 /* Build configuration list for PBXNativeTarget "InstagridUITests" */;
			buildPhases = (
				1E39C856259B5AB40011E830 /* Sources */,
				1E39C857259B5AB40011E830 /* Frameworks */,
				1E39C858259B5AB40011E830 /* Resources */,
			);
			buildRules = (
			);
			dependencies = (
				1E39C85C259B5AB40011E830 /* PBXTargetDependency */,
			);
			name = InstagridUITests;
			productName = InstagridUITests;
			productReference = 1E39C85A259B5AB40011E830 /* InstagridUITests.xctest */;
			productType = "com.apple.product-type.bundle.ui-testing";
		};
/* End PBXNativeTarget section */

/* Begin PBXProject section */
		1E39C831259B5AB20011E830 /* Project object */ = {
			isa = PBXProject;
			attributes = {
				LastSwiftUpdateCheck = 1230;
				LastUpgradeCheck = 1230;
				TargetAttributes = {
					1E39C838259B5AB30011E830 = {
						CreatedOnToolsVersion = 12.3;
					};
					1E39C84E259B5AB40011E830 = {
						CreatedOnToolsVersion = 12.3;
						TestTargetID = 1E39C838259B5AB30011E830;
					};
					1E39C859259B5AB40011E830 = {
						CreatedOnToolsVersion = 12.3;
						TestTargetID = 1E39C838259B5AB30011E830;
					};
				};
			};
			buildConfigurationList = 1E39C834259B5AB20011E830 /* Build configuration list for PBXProject "Instagrid" */;
			compatibilityVersion = "Xcode 9.3";
			developmentRegion = en;
			hasScannedForEncodings = 0;
			knownRegions = (
				en,
				Base,
			);
			mainGroup = 1E39C830259B5AB20011E830;
			productRefGroup = 1E39C83A259B5AB30011E830 /* Products */;
			projectDirPath = "";
			projectRoot = "";
			targets = (
				1E39C838259B5AB30011E830 /* Instagrid */,
				1E39C84E259B5AB40011E830 /* InstagridTests */,
				1E39C859259B5AB40011E830 /* InstagridUITests */,
			);
		};
/* End PBXProject section */

/* Begin PBXResourcesBuildPhase section */
		1E39C837259B5AB30011E830 /* Resources */ = {
			isa = PBXResourcesBuildPhase;
			buildActionMask = 2147483647;
			files = (
				1E39C849259B5AB40011E830 /* LaunchScreen.storyboard in Resources */,
				1E39C87B259B5CC70011E830 /* Delm-Medium.otf in Resources */,
				1E39C846259B5AB40011E830 /* Assets.xcassets in Resources */,
				1E39C871259B5CB80011E830 /* ThirstySoftRegular.otf in Resources */,
				1E39C844259B5AB30011E830 /* Main.storyboard in Resources */,
			);
			runOnlyForDeploymentPostprocessing = 0;
		};
		1E39C84D259B5AB40011E830 /* Resources */ = {
			isa = PBXResourcesBuildPhase;
			buildActionMask = 2147483647;
			files = (
				1E39C87C259B5CC70011E830 /* Delm-Medium.otf in Resources */,
				1E39C872259B5CB80011E830 /* ThirstySoftRegular.otf in Resources */,
			);
			runOnlyForDeploymentPostprocessing = 0;
		};
		1E39C858259B5AB40011E830 /* Resources */ = {
			isa = PBXResourcesBuildPhase;
			buildActionMask = 2147483647;
			files = (
				1E39C87D259B5CC70011E830 /* Delm-Medium.otf in Resources */,
				1E39C873259B5CB80011E830 /* ThirstySoftRegular.otf in Resources */,
			);
			runOnlyForDeploymentPostprocessing = 0;
		};
/* End PBXResourcesBuildPhase section */

/* Begin PBXSourcesBuildPhase section */
		1E39C835259B5AB30011E830 /* Sources */ = {
			isa = PBXSourcesBuildPhase;
			buildActionMask = 2147483647;
			files = (
				1E39C841259B5AB30011E830 /* ViewController.swift in Sources */,
				1E39C83D259B5AB30011E830 /* AppDelegate.swift in Sources */,
				1E39C83F259B5AB30011E830 /* SceneDelegate.swift in Sources */,
			);
			runOnlyForDeploymentPostprocessing = 0;
		};
		1E39C84B259B5AB40011E830 /* Sources */ = {
			isa = PBXSourcesBuildPhase;
			buildActionMask = 2147483647;
			files = (
				1E39C854259B5AB40011E830 /* InstagridTests.swift in Sources */,
			);
			runOnlyForDeploymentPostprocessing = 0;
		};
		1E39C856259B5AB40011E830 /* Sources */ = {
			isa = PBXSourcesBuildPhase;
			buildActionMask = 2147483647;
			files = (
				1E39C85F259B5AB40011E830 /* InstagridUITests.swift in Sources */,
			);
			runOnlyForDeploymentPostprocessing = 0;
		};
/* End PBXSourcesBuildPhase section */

/* Begin PBXTargetDependency section */
		1E39C851259B5AB40011E830 /* PBXTargetDependency */ = {
			isa = PBXTargetDependency;
			target = 1E39C838259B5AB30011E830 /* Instagrid */;
			targetProxy = 1E39C850259B5AB40011E830 /* PBXContainerItemProxy */;
		};
		1E39C85C259B5AB40011E830 /* PBXTargetDependency */ = {
			isa = PBXTargetDependency;
			target = 1E39C838259B5AB30011E830 /* Instagrid */;
			targetProxy = 1E39C85B259B5AB40011E830 /* PBXContainerItemProxy */;
		};
/* End PBXTargetDependency section */

/* Begin PBXVariantGroup section */
		1E39C842259B5AB30011E830 /* Main.storyboard */ = {
			isa = PBXVariantGroup;
			children = (
				1E39C843259B5AB30011E830 /* Base */,
			);
			name = Main.storyboard;
			sourceTree = "<group>";
		};
		1E39C847259B5AB40011E830 /* LaunchScreen.storyboard */ = {
			isa = PBXVariantGroup;
			children = (
				1E39C848259B5AB40011E830 /* Base */,
			);
			name = LaunchScreen.storyboard;
			sourceTree = "<group>";
		};
/* End PBXVariantGroup section */

/* Begin XCBuildConfiguration section */
		1E39C861259B5AB50011E830 /* Debug */ = {
			isa = XCBuildConfiguration;
			buildSettings = {
				ALWAYS_SEARCH_USER_PATHS = NO;
				CLANG_ANALYZER_NONNULL = YES;
				CLANG_ANALYZER_NUMBER_OBJECT_CONVERSION = YES_AGGRESSIVE;
				CLANG_CXX_LANGUAGE_STANDARD = "gnu++14";
				CLANG_CXX_LIBRARY = "libc++";
				CLANG_ENABLE_MODULES = YES;
				CLANG_ENABLE_OBJC_ARC = YES;
				CLANG_ENABLE_OBJC_WEAK = YES;
				CLANG_WARN_BLOCK_CAPTURE_AUTORELEASING = YES;
				CLANG_WARN_BOOL_CONVERSION = YES;
				CLANG_WARN_COMMA = YES;
				CLANG_WARN_CONSTANT_CONVERSION = YES;
				CLANG_WARN_DEPRECATED_OBJC_IMPLEMENTATIONS = YES;
				CLANG_WARN_DIRECT_OBJC_ISA_USAGE = YES_ERROR;
				CLANG_WARN_DOCUMENTATION_COMMENTS = YES;
				CLANG_WARN_EMPTY_BODY = YES;
				CLANG_WARN_ENUM_CONVERSION = YES;
				CLANG_WARN_INFINITE_RECURSION = YES;
				CLANG_WARN_INT_CONVERSION = YES;
				CLANG_WARN_NON_LITERAL_NULL_CONVERSION = YES;
				CLANG_WARN_OBJC_IMPLICIT_RETAIN_SELF = YES;
				CLANG_WARN_OBJC_LITERAL_CONVERSION = YES;
				CLANG_WARN_OBJC_ROOT_CLASS = YES_ERROR;
				CLANG_WARN_QUOTED_INCLUDE_IN_FRAMEWORK_HEADER = YES;
				CLANG_WARN_RANGE_LOOP_ANALYSIS = YES;
				CLANG_WARN_STRICT_PROTOTYPES = YES;
				CLANG_WARN_SUSPICIOUS_MOVE = YES;
				CLANG_WARN_UNGUARDED_AVAILABILITY = YES_AGGRESSIVE;
				CLANG_WARN_UNREACHABLE_CODE = YES;
				CLANG_WARN__DUPLICATE_METHOD_MATCH = YES;
				COPY_PHASE_STRIP = NO;
				DEBUG_INFORMATION_FORMAT = dwarf;
				ENABLE_STRICT_OBJC_MSGSEND = YES;
				ENABLE_TESTABILITY = YES;
				GCC_C_LANGUAGE_STANDARD = gnu11;
				GCC_DYNAMIC_NO_PIC = NO;
				GCC_NO_COMMON_BLOCKS = YES;
				GCC_OPTIMIZATION_LEVEL = 0;
				GCC_PREPROCESSOR_DEFINITIONS = (
					"DEBUG=1",
					"$(inherited)",
				);
				GCC_WARN_64_TO_32_BIT_CONVERSION = YES;
				GCC_WARN_ABOUT_RETURN_TYPE = YES_ERROR;
				GCC_WARN_UNDECLARED_SELECTOR = YES;
				GCC_WARN_UNINITIALIZED_AUTOS = YES_AGGRESSIVE;
				GCC_WARN_UNUSED_FUNCTION = YES;
				GCC_WARN_UNUSED_VARIABLE = YES;
				IPHONEOS_DEPLOYMENT_TARGET = 14.3;
				MTL_ENABLE_DEBUG_INFO = INCLUDE_SOURCE;
				MTL_FAST_MATH = YES;
				ONLY_ACTIVE_ARCH = YES;
				SDKROOT = iphoneos;
				SWIFT_ACTIVE_COMPILATION_CONDITIONS = DEBUG;
				SWIFT_OPTIMIZATION_LEVEL = "-Onone";
			};
			name = Debug;
		};
		1E39C862259B5AB50011E830 /* Release */ = {
			isa = XCBuildConfiguration;
			buildSettings = {
				ALWAYS_SEARCH_USER_PATHS = NO;
				CLANG_ANALYZER_NONNULL = YES;
				CLANG_ANALYZER_NUMBER_OBJECT_CONVERSION = YES_AGGRESSIVE;
				CLANG_CXX_LANGUAGE_STANDARD = "gnu++14";
				CLANG_CXX_LIBRARY = "libc++";
				CLANG_ENABLE_MODULES = YES;
				CLANG_ENABLE_OBJC_ARC = YES;
				CLANG_ENABLE_OBJC_WEAK = YES;
				CLANG_WARN_BLOCK_CAPTURE_AUTORELEASING = YES;
				CLANG_WARN_BOOL_CONVERSION = YES;
				CLANG_WARN_COMMA = YES;
				CLANG_WARN_CONSTANT_CONVERSION = YES;
				CLANG_WARN_DEPRECATED_OBJC_IMPLEMENTATIONS = YES;
				CLANG_WARN_DIRECT_OBJC_ISA_USAGE = YES_ERROR;
				CLANG_WARN_DOCUMENTATION_COMMENTS = YES;
				CLANG_WARN_EMPTY_BODY = YES;
				CLANG_WARN_ENUM_CONVERSION = YES;
				CLANG_WARN_INFINITE_RECURSION = YES;
				CLANG_WARN_INT_CONVERSION = YES;
				CLANG_WARN_NON_LITERAL_NULL_CONVERSION = YES;
				CLANG_WARN_OBJC_IMPLICIT_RETAIN_SELF = YES;
				CLANG_WARN_OBJC_LITERAL_CONVERSION = YES;
				CLANG_WARN_OBJC_ROOT_CLASS = YES_ERROR;
				CLANG_WARN_QUOTED_INCLUDE_IN_FRAMEWORK_HEADER = YES;
				CLANG_WARN_RANGE_LOOP_ANALYSIS = YES;
				CLANG_WARN_STRICT_PROTOTYPES = YES;
				CLANG_WARN_SUSPICIOUS_MOVE = YES;
				CLANG_WARN_UNGUARDED_AVAILABILITY = YES_AGGRESSIVE;
				CLANG_WARN_UNREACHABLE_CODE = YES;
				CLANG_WARN__DUPLICATE_METHOD_MATCH = YES;
				COPY_PHASE_STRIP = NO;
				DEBUG_INFORMATION_FORMAT = "dwarf-with-dsym";
				ENABLE_NS_ASSERTIONS = NO;
				ENABLE_STRICT_OBJC_MSGSEND = YES;
				GCC_C_LANGUAGE_STANDARD = gnu11;
				GCC_NO_COMMON_BLOCKS = YES;
				GCC_WARN_64_TO_32_BIT_CONVERSION = YES;
				GCC_WARN_ABOUT_RETURN_TYPE = YES_ERROR;
				GCC_WARN_UNDECLARED_SELECTOR = YES;
				GCC_WARN_UNINITIALIZED_AUTOS = YES_AGGRESSIVE;
				GCC_WARN_UNUSED_FUNCTION = YES;
				GCC_WARN_UNUSED_VARIABLE = YES;
				IPHONEOS_DEPLOYMENT_TARGET = 14.3;
				MTL_ENABLE_DEBUG_INFO = NO;
				MTL_FAST_MATH = YES;
				SDKROOT = iphoneos;
				SWIFT_COMPILATION_MODE = wholemodule;
				SWIFT_OPTIMIZATION_LEVEL = "-O";
				VALIDATE_PRODUCT = YES;
			};
			name = Release;
		};
		1E39C864259B5AB50011E830 /* Debug */ = {
			isa = XCBuildConfiguration;
			buildSettings = {
				ASSETCATALOG_COMPILER_APPICON_NAME = AppIcon;
				ASSETCATALOG_COMPILER_GLOBAL_ACCENT_COLOR_NAME = AccentColor;
				CODE_SIGN_STYLE = Manual;
				DEVELOPMENT_TEAM = "";
				INFOPLIST_FILE = "$(SRCROOT)/Instagrid/Supporting Files/Info.plist";
				IPHONEOS_DEPLOYMENT_TARGET = 11.0;
				LD_RUNPATH_SEARCH_PATHS = (
					"$(inherited)",
					"@executable_path/Frameworks",
				);
				PRODUCT_BUNDLE_IDENTIFIER = "fr.atalantes-hh.Instagrid";
				PRODUCT_NAME = "$(TARGET_NAME)";
				PROVISIONING_PROFILE_SPECIFIER = "";
				SWIFT_VERSION = 5.0;
				TARGETED_DEVICE_FAMILY = 1;
			};
			name = Debug;
		};
		1E39C865259B5AB50011E830 /* Release */ = {
			isa = XCBuildConfiguration;
			buildSettings = {
				ASSETCATALOG_COMPILER_APPICON_NAME = AppIcon;
				ASSETCATALOG_COMPILER_GLOBAL_ACCENT_COLOR_NAME = AccentColor;
				CODE_SIGN_STYLE = Manual;
				DEVELOPMENT_TEAM = "";
				INFOPLIST_FILE = "$(SRCROOT)/Instagrid/Supporting Files/Info.plist";
				IPHONEOS_DEPLOYMENT_TARGET = 11.0;
				LD_RUNPATH_SEARCH_PATHS = (
					"$(inherited)",
					"@executable_path/Frameworks",
				);
				PRODUCT_BUNDLE_IDENTIFIER = "fr.atalantes-hh.Instagrid";
				PRODUCT_NAME = "$(TARGET_NAME)";
				PROVISIONING_PROFILE_SPECIFIER = "";
				SWIFT_VERSION = 5.0;
				TARGETED_DEVICE_FAMILY = 1;
			};
			name = Release;
		};
		1E39C867259B5AB50011E830 /* Debug */ = {
			isa = XCBuildConfiguration;
			buildSettings = {
				ALWAYS_EMBED_SWIFT_STANDARD_LIBRARIES = YES;
				BUNDLE_LOADER = "$(TEST_HOST)";
				CODE_SIGN_STYLE = Automatic;
				INFOPLIST_FILE = InstagridTests/Info.plist;
				IPHONEOS_DEPLOYMENT_TARGET = 14.3;
				LD_RUNPATH_SEARCH_PATHS = (
					"$(inherited)",
					"@executable_path/Frameworks",
					"@loader_path/Frameworks",
				);
				PRODUCT_BUNDLE_IDENTIFIER = "fr.atalantes-hh.InstagridTests";
				PRODUCT_NAME = "$(TARGET_NAME)";
				SWIFT_VERSION = 5.0;
				TARGETED_DEVICE_FAMILY = "1,2";
				TEST_HOST = "$(BUILT_PRODUCTS_DIR)/Instagrid.app/Instagrid";
			};
			name = Debug;
		};
		1E39C868259B5AB50011E830 /* Release */ = {
			isa = XCBuildConfiguration;
			buildSettings = {
				ALWAYS_EMBED_SWIFT_STANDARD_LIBRARIES = YES;
				BUNDLE_LOADER = "$(TEST_HOST)";
				CODE_SIGN_STYLE = Automatic;
				INFOPLIST_FILE = InstagridTests/Info.plist;
				IPHONEOS_DEPLOYMENT_TARGET = 14.3;
				LD_RUNPATH_SEARCH_PATHS = (
					"$(inherited)",
					"@executable_path/Frameworks",
					"@loader_path/Frameworks",
				);
				PRODUCT_BUNDLE_IDENTIFIER = "fr.atalantes-hh.InstagridTests";
				PRODUCT_NAME = "$(TARGET_NAME)";
				SWIFT_VERSION = 5.0;
				TARGETED_DEVICE_FAMILY = "1,2";
				TEST_HOST = "$(BUILT_PRODUCTS_DIR)/Instagrid.app/Instagrid";
			};
			name = Release;
		};
		1E39C86A259B5AB50011E830 /* Debug */ = {
			isa = XCBuildConfiguration;
			buildSettings = {
				ALWAYS_EMBED_SWIFT_STANDARD_LIBRARIES = YES;
				CODE_SIGN_STYLE = Automatic;
				INFOPLIST_FILE = InstagridUITests/Info.plist;
				LD_RUNPATH_SEARCH_PATHS = (
					"$(inherited)",
					"@executable_path/Frameworks",
					"@loader_path/Frameworks",
				);
				PRODUCT_BUNDLE_IDENTIFIER = "fr.atalantes-hh.InstagridUITests";
				PRODUCT_NAME = "$(TARGET_NAME)";
				SWIFT_VERSION = 5.0;
				TARGETED_DEVICE_FAMILY = "1,2";
				TEST_TARGET_NAME = Instagrid;
			};
			name = Debug;
		};
		1E39C86B259B5AB50011E830 /* Release */ = {
			isa = XCBuildConfiguration;
			buildSettings = {
				ALWAYS_EMBED_SWIFT_STANDARD_LIBRARIES = YES;
				CODE_SIGN_STYLE = Automatic;
				INFOPLIST_FILE = InstagridUITests/Info.plist;
				LD_RUNPATH_SEARCH_PATHS = (
					"$(inherited)",
					"@executable_path/Frameworks",
					"@loader_path/Frameworks",
				);
				PRODUCT_BUNDLE_IDENTIFIER = "fr.atalantes-hh.InstagridUITests";
				PRODUCT_NAME = "$(TARGET_NAME)";
				SWIFT_VERSION = 5.0;
				TARGETED_DEVICE_FAMILY = "1,2";
				TEST_TARGET_NAME = Instagrid;
			};
			name = Release;
		};
/* End XCBuildConfiguration section */

/* Begin XCConfigurationList section */
		1E39C834259B5AB20011E830 /* Build configuration list for PBXProject "Instagrid" */ = {
			isa = XCConfigurationList;
			buildConfigurations = (
				1E39C861259B5AB50011E830 /* Debug */,
				1E39C862259B5AB50011E830 /* Release */,
			);
			defaultConfigurationIsVisible = 0;
			defaultConfigurationName = Release;
		};
		1E39C863259B5AB50011E830 /* Build configuration list for PBXNativeTarget "Instagrid" */ = {
			isa = XCConfigurationList;
			buildConfigurations = (
				1E39C864259B5AB50011E830 /* Debug */,
				1E39C865259B5AB50011E830 /* Release */,
			);
			defaultConfigurationIsVisible = 0;
			defaultConfigurationName = Release;
		};
		1E39C866259B5AB50011E830 /* Build configuration list for PBXNativeTarget "InstagridTests" */ = {
			isa = XCConfigurationList;
			buildConfigurations = (
				1E39C867259B5AB50011E830 /* Debug */,
				1E39C868259B5AB50011E830 /* Release */,
			);
			defaultConfigurationIsVisible = 0;
			defaultConfigurationName = Release;
		};
		1E39C869259B5AB50011E830 /* Build configuration list for PBXNativeTarget "InstagridUITests" */ = {
			isa = XCConfigurationList;
			buildConfigurations = (
				1E39C86A259B5AB50011E830 /* Debug */,
				1E39C86B259B5AB50011E830 /* Release */,
			);
			defaultConfigurationIsVisible = 0;
			defaultConfigurationName = Release;
		};
/* End XCConfigurationList section */
	};
	rootObject = 1E39C831259B5AB20011E830 /* Project object */;
}
